
Microsoft Visual Studio Solution File, Format Version 12.00
# Visual Studio Version 17
VisualStudioVersion = 17.2.32630.192
MinimumVisualStudioVersion = 10.0.40219.1
Project("{FAE04EC0-301F-11D3-BF4B-00C04F79EFBC}") = "TP_DyBD", "TP_DyBD\TP_DyBD.csproj", "{5BE79577-0BDF-417A-B540-B6B9BB30B5FB}"
EndProject
Global
	GlobalSection(SolutionConfigurationPlatforms) = preSolution
		Debug|Any CPU = Debug|Any CPU
		Release|Any CPU = Release|Any CPU
	EndGlobalSection
	GlobalSection(ProjectConfigurationPlatforms) = postSolution
		{5BE79577-0BDF-417A-B540-B6B9BB30B5FB}.Debug|Any CPU.ActiveCfg = Debug|Any CPU
		{5BE79577-0BDF-417A-B540-B6B9BB30B5FB}.Debug|Any CPU.Build.0 = Debug|Any CPU
		{5BE79577-0BDF-417A-B540-B6B9BB30B5FB}.Release|Any CPU.ActiveCfg = Release|Any CPU
		{5BE79577-0BDF-417A-B540-B6B9BB30B5FB}.Release|Any CPU.Build.0 = Release|Any CPU
	EndGlobalSection
	GlobalSection(SolutionProperties) = preSolution
		HideSolutionNode = FALSE
	EndGlobalSection
	GlobalSection(ExtensibilityGlobals) = postSolution
		SolutionGuid = {D994F4A4-FD64-4A89-8419-5A7698D98D9A}
	EndGlobalSection
EndGlobal
